
Microsoft Visual Studio Solution File, Format Version 12.00
# Visual Studio 15
VisualStudioVersion = 15.0.34526.175
MinimumVisualStudioVersion = 10.0.40219.1
Project("{FAE04EC0-301F-11D3-BF4B-00C04F79EFBC}") = "String-Array", "String-Array\String-Array.csproj", "{3A829FFD-62F5-4343-9B7D-05BB0D732068}"
EndProject
Global
	GlobalSection(SolutionConfigurationPlatforms) = preSolution
		Debug|Any CPU = Debug|Any CPU
		Release|Any CPU = Release|Any CPU
	EndGlobalSection
	GlobalSection(ProjectConfigurationPlatforms) = postSolution
		{3A829FFD-62F5-4343-9B7D-05BB0D732068}.Debug|Any CPU.ActiveCfg = Debug|Any CPU
		{3A829FFD-62F5-4343-9B7D-05BB0D732068}.Debug|Any CPU.Build.0 = Debug|Any CPU
		{3A829FFD-62F5-4343-9B7D-05BB0D732068}.Release|Any CPU.ActiveCfg = Release|Any CPU
		{3A829FFD-62F5-4343-9B7D-05BB0D732068}.Release|Any CPU.Build.0 = Release|Any CPU
	EndGlobalSection
	GlobalSection(SolutionProperties) = preSolution
		HideSolutionNode = FALSE
	EndGlobalSection
	GlobalSection(ExtensibilityGlobals) = postSolution
		SolutionGuid = {0B3B2320-E0B1-49CD-B060-40D436DE536F}
	EndGlobalSection
EndGlobal
